// !$*UTF8*$!
{
	archiveVersion = 1;
	classes = {
	};
	objectVersion = 50;
	objects = {

/* Begin PBXBuildFile section */
		3B77B53924E148670063152C /* TabBar.swift in Sources */ = {isa = PBXBuildFile; fileRef = 3B77B53824E148670063152C /* TabBar.swift */; };
		3B7BB76B24E7D72000C627B4 /* CoreData.xcdatamodeld in Sources */ = {isa = PBXBuildFile; fileRef = 3B7BB76924E7D72000C627B4 /* CoreData.xcdatamodeld */; };
		3B7BB76F24E7E11100C627B4 /* BookmarkView.swift in Sources */ = {isa = PBXBuildFile; fileRef = 3B7BB76E24E7E11100C627B4 /* BookmarkView.swift */; };
		3B7BB77124E9464B00C627B4 /* EquipmentDataModel.swift in Sources */ = {isa = PBXBuildFile; fileRef = 3B7BB77024E9464B00C627B4 /* EquipmentDataModel.swift */; };
		3B7BB77324E94C4600C627B4 /* AddPlaceView.swift in Sources */ = {isa = PBXBuildFile; fileRef = 3B7BB77224E94C4600C627B4 /* AddPlaceView.swift */; };
		3BA256BB24C48040007C6CE6 /* COREApp.swift in Sources */ = {isa = PBXBuildFile; fileRef = 3BA256BA24C48040007C6CE6 /* COREApp.swift */; };
		3BA256BD24C48040007C6CE6 /* HomeView.swift in Sources */ = {isa = PBXBuildFile; fileRef = 3BA256BC24C48040007C6CE6 /* HomeView.swift */; };
		3BA256BF24C48041007C6CE6 /* Assets.xcassets in Resources */ = {isa = PBXBuildFile; fileRef = 3BA256BE24C48041007C6CE6 /* Assets.xcassets */; };
		3BA256C224C48041007C6CE6 /* Preview Assets.xcassets in Resources */ = {isa = PBXBuildFile; fileRef = 3BA256C124C48041007C6CE6 /* Preview Assets.xcassets */; };
		3BA256CD24C48041007C6CE6 /* CORETests.swift in Sources */ = {isa = PBXBuildFile; fileRef = 3BA256CC24C48041007C6CE6 /* CORETests.swift */; };
		3BA256D824C48041007C6CE6 /* COREUITests.swift in Sources */ = {isa = PBXBuildFile; fileRef = 3BA256D724C48041007C6CE6 /* COREUITests.swift */; };
		3BA256E624C6E4B4007C6CE6 /* Modifiers.swift in Sources */ = {isa = PBXBuildFile; fileRef = 3BA256E524C6E4B4007C6CE6 /* Modifiers.swift */; };
		3BA256E824C6E65E007C6CE6 /* StartWorkoutCard.swift in Sources */ = {isa = PBXBuildFile; fileRef = 3BA256E724C6E65E007C6CE6 /* StartWorkoutCard.swift */; };
		3BA256EA24C6E8B1007C6CE6 /* SmallTitle.swift in Sources */ = {isa = PBXBuildFile; fileRef = 3BA256E924C6E8B1007C6CE6 /* SmallTitle.swift */; };
		3BA256EC24C70C15007C6CE6 /* ExploreSmallCard.swift in Sources */ = {isa = PBXBuildFile; fileRef = 3BA256EB24C70C15007C6CE6 /* ExploreSmallCard.swift */; };
		3BA256EE24C736A1007C6CE6 /* ActivitySmallCard.swift in Sources */ = {isa = PBXBuildFile; fileRef = 3BA256ED24C736A1007C6CE6 /* ActivitySmallCard.swift */; };
		3BA256F024C7455C007C6CE6 /* ArticleCardView.swift in Sources */ = {isa = PBXBuildFile; fileRef = 3BA256EF24C7455C007C6CE6 /* ArticleCardView.swift */; };
		3BA256F224C8BCE4007C6CE6 /* ExploreView.swift in Sources */ = {isa = PBXBuildFile; fileRef = 3BA256F124C8BCE4007C6CE6 /* ExploreView.swift */; };
		3BA256F424C8D199007C6CE6 /* BigWorkoutCard.swift in Sources */ = {isa = PBXBuildFile; fileRef = 3BA256F324C8D199007C6CE6 /* BigWorkoutCard.swift */; };
		3BA256F624CA1D44007C6CE6 /* ScheduleView.swift in Sources */ = {isa = PBXBuildFile; fileRef = 3BA256F524CA1D44007C6CE6 /* ScheduleView.swift */; };
		3BA256F924CAC047007C6CE6 /* InfoSmallCard.swift in Sources */ = {isa = PBXBuildFile; fileRef = 3BA256F824CAC047007C6CE6 /* InfoSmallCard.swift */; };
		3BA256FB24CAC24A007C6CE6 /* BigScheduleCard.swift in Sources */ = {isa = PBXBuildFile; fileRef = 3BA256FA24CAC24A007C6CE6 /* BigScheduleCard.swift */; };
		3BA256FD24CAD07F007C6CE6 /* RestDayCard.swift in Sources */ = {isa = PBXBuildFile; fileRef = 3BA256FC24CAD07F007C6CE6 /* RestDayCard.swift */; };
		3BA256FF24CAE934007C6CE6 /* WorkoutView.swift in Sources */ = {isa = PBXBuildFile; fileRef = 3BA256FE24CAE934007C6CE6 /* WorkoutView.swift */; };
		3BA2570124CAEA4C007C6CE6 /* WorkoutSummaryCard.swift in Sources */ = {isa = PBXBuildFile; fileRef = 3BA2570024CAEA4C007C6CE6 /* WorkoutSummaryCard.swift */; };
		3BA2570324CC37F7007C6CE6 /* ExerciseWorkoutCard.swift in Sources */ = {isa = PBXBuildFile; fileRef = 3BA2570224CC37F7007C6CE6 /* ExerciseWorkoutCard.swift */; };
		3BA2570524CC4052007C6CE6 /* WorkoutDetail.swift in Sources */ = {isa = PBXBuildFile; fileRef = 3BA2570424CC4052007C6CE6 /* WorkoutDetail.swift */; };
		3BA2570724CC4549007C6CE6 /* InfoBigCard.swift in Sources */ = {isa = PBXBuildFile; fileRef = 3BA2570624CC4549007C6CE6 /* InfoBigCard.swift */; };
		3BC34A2424D162DF00012A8D /* ProfileView.swift in Sources */ = {isa = PBXBuildFile; fileRef = 3BC34A2324D162DF00012A8D /* ProfileView.swift */; };
		3BC34A2624D1775800012A8D /* PastWorkoutDetail.swift in Sources */ = {isa = PBXBuildFile; fileRef = 3BC34A2524D1775800012A8D /* PastWorkoutDetail.swift */; };
		3BC34A2824D2C63400012A8D /* PastWorkoutSummaryCard.swift in Sources */ = {isa = PBXBuildFile; fileRef = 3BC34A2724D2C63400012A8D /* PastWorkoutSummaryCard.swift */; };
		3BC34A2A24D6C63600012A8D /* CustomizeWorkout.swift in Sources */ = {isa = PBXBuildFile; fileRef = 3BC34A2924D6C63600012A8D /* CustomizeWorkout.swift */; };
		3BC34A2C24D70BD500012A8D /* MuscleCard.swift in Sources */ = {isa = PBXBuildFile; fileRef = 3BC34A2B24D70BD500012A8D /* MuscleCard.swift */; };
		3BE01E1624CC4B090056D2C0 /* Extensions.swift in Sources */ = {isa = PBXBuildFile; fileRef = 3BE01E1524CC4B090056D2C0 /* Extensions.swift */; };
		3BE01E1824CC5BC60056D2C0 /* AddNewWorkoutView.swift in Sources */ = {isa = PBXBuildFile; fileRef = 3BE01E1724CC5BC60056D2C0 /* AddNewWorkoutView.swift */; };
		3BE01E1A24CC618D0056D2C0 /* ExercisesView.swift in Sources */ = {isa = PBXBuildFile; fileRef = 3BE01E1924CC618C0056D2C0 /* ExercisesView.swift */; };
		3BE01E1C24CC66E60056D2C0 /* ExerciseDetail.swift in Sources */ = {isa = PBXBuildFile; fileRef = 3BE01E1B24CC66E60056D2C0 /* ExerciseDetail.swift */; };
		3BE01E1E24CC6AE30056D2C0 /* NewWorkoutDetailView.swift in Sources */ = {isa = PBXBuildFile; fileRef = 3BE01E1D24CC6AE30056D2C0 /* NewWorkoutDetailView.swift */; };
		3BE01E2024CD8B690056D2C0 /* MyPlacesView.swift in Sources */ = {isa = PBXBuildFile; fileRef = 3BE01E1F24CD8B690056D2C0 /* MyPlacesView.swift */; };
		3BE01E2224CDCFA30056D2C0 /* MyPlacesBigCard.swift in Sources */ = {isa = PBXBuildFile; fileRef = 3BE01E2124CDCFA30056D2C0 /* MyPlacesBigCard.swift */; };
		3BE01E2424CEC6A60056D2C0 /* SearchBar.swift in Sources */ = {isa = PBXBuildFile; fileRef = 3BE01E2324CEC6A60056D2C0 /* SearchBar.swift */; };
		3BE01E2624CECBEF0056D2C0 /* ExercisesCard.swift in Sources */ = {isa = PBXBuildFile; fileRef = 3BE01E2524CECBEF0056D2C0 /* ExercisesCard.swift */; };
		3BE01E2824CED5A60056D2C0 /* EquipmentView.swift in Sources */ = {isa = PBXBuildFile; fileRef = 3BE01E2724CED5A60056D2C0 /* EquipmentView.swift */; };
		3BE01E2A24CEDF8E0056D2C0 /* ActivityView.swift in Sources */ = {isa = PBXBuildFile; fileRef = 3BE01E2924CEDF8E0056D2C0 /* ActivityView.swift */; };
		3BE01E2C24CEDFAA0056D2C0 /* ActivityCard.swift in Sources */ = {isa = PBXBuildFile; fileRef = 3BE01E2B24CEDFAA0056D2C0 /* ActivityCard.swift */; };
		3BE01E2E24CEF02A0056D2C0 /* ActivitySeparator.swift in Sources */ = {isa = PBXBuildFile; fileRef = 3BE01E2D24CEF02A0056D2C0 /* ActivitySeparator.swift */; };
		3BE01E3024CEFBBF0056D2C0 /* EquipmentCard.swift in Sources */ = {isa = PBXBuildFile; fileRef = 3BE01E2F24CEFBBF0056D2C0 /* EquipmentCard.swift */; };
		3BE01E3224CF002E0056D2C0 /* PastWorkoutCard.swift in Sources */ = {isa = PBXBuildFile; fileRef = 3BE01E3124CF002E0056D2C0 /* PastWorkoutCard.swift */; };
		3BE01E3424CF00430056D2C0 /* PresetWorkoutDetail.swift in Sources */ = {isa = PBXBuildFile; fileRef = 3BE01E3324CF00430056D2C0 /* PresetWorkoutDetail.swift */; };
		3BE01E3624CF041D0056D2C0 /* PresetExerciseCard.swift in Sources */ = {isa = PBXBuildFile; fileRef = 3BE01E3524CF041D0056D2C0 /* PresetExerciseCard.swift */; };
		3BE01E3824CF122F0056D2C0 /* PresetExerciseRow.swift in Sources */ = {isa = PBXBuildFile; fileRef = 3BE01E3724CF122F0056D2C0 /* PresetExerciseRow.swift */; };
/* End PBXBuildFile section */

/* Begin PBXContainerItemProxy section */
		3BA256C924C48041007C6CE6 /* PBXContainerItemProxy */ = {
			isa = PBXContainerItemProxy;
			containerPortal = 3BA256AF24C48040007C6CE6 /* Project object */;
			proxyType = 1;
			remoteGlobalIDString = 3BA256B624C48040007C6CE6;
			remoteInfo = CORE;
		};
		3BA256D424C48041007C6CE6 /* PBXContainerItemProxy */ = {
			isa = PBXContainerItemProxy;
			containerPortal = 3BA256AF24C48040007C6CE6 /* Project object */;
			proxyType = 1;
			remoteGlobalIDString = 3BA256B624C48040007C6CE6;
			remoteInfo = CORE;
		};
/* End PBXContainerItemProxy section */

/* Begin PBXFileReference section */
		3B77B53824E148670063152C /* TabBar.swift */ = {isa = PBXFileReference; lastKnownFileType = sourcecode.swift; path = TabBar.swift; sourceTree = "<group>"; };
		3B7BB76A24E7D72000C627B4 /* CoreData.xcdatamodel */ = {isa = PBXFileReference; lastKnownFileType = wrapper.xcdatamodel; path = CoreData.xcdatamodel; sourceTree = "<group>"; };
		3B7BB76E24E7E11100C627B4 /* BookmarkView.swift */ = {isa = PBXFileReference; lastKnownFileType = sourcecode.swift; path = BookmarkView.swift; sourceTree = "<group>"; };
		3B7BB77024E9464B00C627B4 /* EquipmentDataModel.swift */ = {isa = PBXFileReference; lastKnownFileType = sourcecode.swift; path = EquipmentDataModel.swift; sourceTree = "<group>"; };
		3B7BB77224E94C4600C627B4 /* AddPlaceView.swift */ = {isa = PBXFileReference; lastKnownFileType = sourcecode.swift; path = AddPlaceView.swift; sourceTree = "<group>"; };
		3BA256B724C48040007C6CE6 /* CORE.app */ = {isa = PBXFileReference; explicitFileType = wrapper.application; includeInIndex = 0; path = CORE.app; sourceTree = BUILT_PRODUCTS_DIR; };
		3BA256BA24C48040007C6CE6 /* COREApp.swift */ = {isa = PBXFileReference; lastKnownFileType = sourcecode.swift; path = COREApp.swift; sourceTree = "<group>"; };
		3BA256BC24C48040007C6CE6 /* HomeView.swift */ = {isa = PBXFileReference; lastKnownFileType = sourcecode.swift; path = HomeView.swift; sourceTree = "<group>"; };
		3BA256BE24C48041007C6CE6 /* Assets.xcassets */ = {isa = PBXFileReference; lastKnownFileType = folder.assetcatalog; path = Assets.xcassets; sourceTree = "<group>"; };
		3BA256C124C48041007C6CE6 /* Preview Assets.xcassets */ = {isa = PBXFileReference; lastKnownFileType = folder.assetcatalog; path = "Preview Assets.xcassets"; sourceTree = "<group>"; };
		3BA256C324C48041007C6CE6 /* Info.plist */ = {isa = PBXFileReference; lastKnownFileType = text.plist.xml; path = Info.plist; sourceTree = "<group>"; };
		3BA256C824C48041007C6CE6 /* CORETests.xctest */ = {isa = PBXFileReference; explicitFileType = wrapper.cfbundle; includeInIndex = 0; path = CORETests.xctest; sourceTree = BUILT_PRODUCTS_DIR; };
		3BA256CC24C48041007C6CE6 /* CORETests.swift */ = {isa = PBXFileReference; lastKnownFileType = sourcecode.swift; path = CORETests.swift; sourceTree = "<group>"; };
		3BA256CE24C48041007C6CE6 /* Info.plist */ = {isa = PBXFileReference; lastKnownFileType = text.plist.xml; path = Info.plist; sourceTree = "<group>"; };
		3BA256D324C48041007C6CE6 /* COREUITests.xctest */ = {isa = PBXFileReference; explicitFileType = wrapper.cfbundle; includeInIndex = 0; path = COREUITests.xctest; sourceTree = BUILT_PRODUCTS_DIR; };
		3BA256D724C48041007C6CE6 /* COREUITests.swift */ = {isa = PBXFileReference; lastKnownFileType = sourcecode.swift; path = COREUITests.swift; sourceTree = "<group>"; };
		3BA256D924C48041007C6CE6 /* Info.plist */ = {isa = PBXFileReference; lastKnownFileType = text.plist.xml; path = Info.plist; sourceTree = "<group>"; };
		3BA256E524C6E4B4007C6CE6 /* Modifiers.swift */ = {isa = PBXFileReference; lastKnownFileType = sourcecode.swift; path = Modifiers.swift; sourceTree = "<group>"; };
		3BA256E724C6E65E007C6CE6 /* StartWorkoutCard.swift */ = {isa = PBXFileReference; lastKnownFileType = sourcecode.swift; path = StartWorkoutCard.swift; sourceTree = "<group>"; };
		3BA256E924C6E8B1007C6CE6 /* SmallTitle.swift */ = {isa = PBXFileReference; lastKnownFileType = sourcecode.swift; path = SmallTitle.swift; sourceTree = "<group>"; };
		3BA256EB24C70C15007C6CE6 /* ExploreSmallCard.swift */ = {isa = PBXFileReference; lastKnownFileType = sourcecode.swift; path = ExploreSmallCard.swift; sourceTree = "<group>"; };
		3BA256ED24C736A1007C6CE6 /* ActivitySmallCard.swift */ = {isa = PBXFileReference; lastKnownFileType = sourcecode.swift; path = ActivitySmallCard.swift; sourceTree = "<group>"; };
		3BA256EF24C7455C007C6CE6 /* ArticleCardView.swift */ = {isa = PBXFileReference; lastKnownFileType = sourcecode.swift; path = ArticleCardView.swift; sourceTree = "<group>"; };
		3BA256F124C8BCE4007C6CE6 /* ExploreView.swift */ = {isa = PBXFileReference; lastKnownFileType = sourcecode.swift; path = ExploreView.swift; sourceTree = "<group>"; };
		3BA256F324C8D199007C6CE6 /* BigWorkoutCard.swift */ = {isa = PBXFileReference; lastKnownFileType = sourcecode.swift; path = BigWorkoutCard.swift; sourceTree = "<group>"; };
		3BA256F524CA1D44007C6CE6 /* ScheduleView.swift */ = {isa = PBXFileReference; lastKnownFileType = sourcecode.swift; path = ScheduleView.swift; sourceTree = "<group>"; };
		3BA256F824CAC047007C6CE6 /* InfoSmallCard.swift */ = {isa = PBXFileReference; lastKnownFileType = sourcecode.swift; path = InfoSmallCard.swift; sourceTree = "<group>"; };
		3BA256FA24CAC24A007C6CE6 /* BigScheduleCard.swift */ = {isa = PBXFileReference; lastKnownFileType = sourcecode.swift; path = BigScheduleCard.swift; sourceTree = "<group>"; };
		3BA256FC24CAD07F007C6CE6 /* RestDayCard.swift */ = {isa = PBXFileReference; lastKnownFileType = sourcecode.swift; path = RestDayCard.swift; sourceTree = "<group>"; };
		3BA256FE24CAE934007C6CE6 /* WorkoutView.swift */ = {isa = PBXFileReference; lastKnownFileType = sourcecode.swift; path = WorkoutView.swift; sourceTree = "<group>"; };
		3BA2570024CAEA4C007C6CE6 /* WorkoutSummaryCard.swift */ = {isa = PBXFileReference; lastKnownFileType = sourcecode.swift; path = WorkoutSummaryCard.swift; sourceTree = "<group>"; };
		3BA2570224CC37F7007C6CE6 /* ExerciseWorkoutCard.swift */ = {isa = PBXFileReference; lastKnownFileType = sourcecode.swift; path = ExerciseWorkoutCard.swift; sourceTree = "<group>"; };
		3BA2570424CC4052007C6CE6 /* WorkoutDetail.swift */ = {isa = PBXFileReference; lastKnownFileType = sourcecode.swift; path = WorkoutDetail.swift; sourceTree = "<group>"; };
		3BA2570624CC4549007C6CE6 /* InfoBigCard.swift */ = {isa = PBXFileReference; lastKnownFileType = sourcecode.swift; path = InfoBigCard.swift; sourceTree = "<group>"; };
		3BC34A2324D162DF00012A8D /* ProfileView.swift */ = {isa = PBXFileReference; lastKnownFileType = sourcecode.swift; path = ProfileView.swift; sourceTree = "<group>"; };
		3BC34A2524D1775800012A8D /* PastWorkoutDetail.swift */ = {isa = PBXFileReference; lastKnownFileType = sourcecode.swift; path = PastWorkoutDetail.swift; sourceTree = "<group>"; };
		3BC34A2724D2C63400012A8D /* PastWorkoutSummaryCard.swift */ = {isa = PBXFileReference; lastKnownFileType = sourcecode.swift; path = PastWorkoutSummaryCard.swift; sourceTree = "<group>"; };
		3BC34A2924D6C63600012A8D /* CustomizeWorkout.swift */ = {isa = PBXFileReference; lastKnownFileType = sourcecode.swift; path = CustomizeWorkout.swift; sourceTree = "<group>"; };
		3BC34A2B24D70BD500012A8D /* MuscleCard.swift */ = {isa = PBXFileReference; lastKnownFileType = sourcecode.swift; path = MuscleCard.swift; sourceTree = "<group>"; };
		3BE01E1524CC4B090056D2C0 /* Extensions.swift */ = {isa = PBXFileReference; lastKnownFileType = sourcecode.swift; path = Extensions.swift; sourceTree = "<group>"; };
		3BE01E1724CC5BC60056D2C0 /* AddNewWorkoutView.swift */ = {isa = PBXFileReference; lastKnownFileType = sourcecode.swift; path = AddNewWorkoutView.swift; sourceTree = "<group>"; };
		3BE01E1924CC618C0056D2C0 /* ExercisesView.swift */ = {isa = PBXFileReference; lastKnownFileType = sourcecode.swift; path = ExercisesView.swift; sourceTree = "<group>"; };
		3BE01E1B24CC66E60056D2C0 /* ExerciseDetail.swift */ = {isa = PBXFileReference; lastKnownFileType = sourcecode.swift; path = ExerciseDetail.swift; sourceTree = "<group>"; };
		3BE01E1D24CC6AE30056D2C0 /* NewWorkoutDetailView.swift */ = {isa = PBXFileReference; lastKnownFileType = sourcecode.swift; path = NewWorkoutDetailView.swift; sourceTree = "<group>"; };
		3BE01E1F24CD8B690056D2C0 /* MyPlacesView.swift */ = {isa = PBXFileReference; lastKnownFileType = sourcecode.swift; path = MyPlacesView.swift; sourceTree = "<group>"; };
		3BE01E2124CDCFA30056D2C0 /* MyPlacesBigCard.swift */ = {isa = PBXFileReference; lastKnownFileType = sourcecode.swift; path = MyPlacesBigCard.swift; sourceTree = "<group>"; };
		3BE01E2324CEC6A60056D2C0 /* SearchBar.swift */ = {isa = PBXFileReference; lastKnownFileType = sourcecode.swift; path = SearchBar.swift; sourceTree = "<group>"; };
		3BE01E2524CECBEF0056D2C0 /* ExercisesCard.swift */ = {isa = PBXFileReference; lastKnownFileType = sourcecode.swift; path = ExercisesCard.swift; sourceTree = "<group>"; };
		3BE01E2724CED5A60056D2C0 /* EquipmentView.swift */ = {isa = PBXFileReference; lastKnownFileType = sourcecode.swift; path = EquipmentView.swift; sourceTree = "<group>"; };
		3BE01E2924CEDF8E0056D2C0 /* ActivityView.swift */ = {isa = PBXFileReference; lastKnownFileType = sourcecode.swift; path = ActivityView.swift; sourceTree = "<group>"; };
		3BE01E2B24CEDFAA0056D2C0 /* ActivityCard.swift */ = {isa = PBXFileReference; lastKnownFileType = sourcecode.swift; path = ActivityCard.swift; sourceTree = "<group>"; };
		3BE01E2D24CEF02A0056D2C0 /* ActivitySeparator.swift */ = {isa = PBXFileReference; lastKnownFileType = sourcecode.swift; path = ActivitySeparator.swift; sourceTree = "<group>"; };
		3BE01E2F24CEFBBF0056D2C0 /* EquipmentCard.swift */ = {isa = PBXFileReference; lastKnownFileType = sourcecode.swift; path = EquipmentCard.swift; sourceTree = "<group>"; };
		3BE01E3124CF002E0056D2C0 /* PastWorkoutCard.swift */ = {isa = PBXFileReference; lastKnownFileType = sourcecode.swift; path = PastWorkoutCard.swift; sourceTree = "<group>"; };
		3BE01E3324CF00430056D2C0 /* PresetWorkoutDetail.swift */ = {isa = PBXFileReference; lastKnownFileType = sourcecode.swift; path = PresetWorkoutDetail.swift; sourceTree = "<group>"; };
		3BE01E3524CF041D0056D2C0 /* PresetExerciseCard.swift */ = {isa = PBXFileReference; lastKnownFileType = sourcecode.swift; path = PresetExerciseCard.swift; sourceTree = "<group>"; };
		3BE01E3724CF122F0056D2C0 /* PresetExerciseRow.swift */ = {isa = PBXFileReference; lastKnownFileType = sourcecode.swift; path = PresetExerciseRow.swift; sourceTree = "<group>"; };
/* End PBXFileReference section */

/* Begin PBXFrameworksBuildPhase section */
		3BA256B424C48040007C6CE6 /* Frameworks */ = {
			isa = PBXFrameworksBuildPhase;
			buildActionMask = 2147483647;
			files = (
			);
			runOnlyForDeploymentPostprocessing = 0;
		};
		3BA256C524C48041007C6CE6 /* Frameworks */ = {
			isa = PBXFrameworksBuildPhase;
			buildActionMask = 2147483647;
			files = (
			);
			runOnlyForDeploymentPostprocessing = 0;
		};
		3BA256D024C48041007C6CE6 /* Frameworks */ = {
			isa = PBXFrameworksBuildPhase;
			buildActionMask = 2147483647;
			files = (
			);
			runOnlyForDeploymentPostprocessing = 0;
		};
/* End PBXFrameworksBuildPhase section */

/* Begin PBXGroup section */
		3BA256AE24C48040007C6CE6 = {
			isa = PBXGroup;
			children = (
				3BA256B924C48040007C6CE6 /* CORE */,
				3BA256CB24C48041007C6CE6 /* CORETests */,
				3BA256D624C48041007C6CE6 /* COREUITests */,
				3BA256B824C48040007C6CE6 /* Products */,
			);
			sourceTree = "<group>";
		};
		3BA256B824C48040007C6CE6 /* Products */ = {
			isa = PBXGroup;
			children = (
				3BA256B724C48040007C6CE6 /* CORE.app */,
				3BA256C824C48041007C6CE6 /* CORETests.xctest */,
				3BA256D324C48041007C6CE6 /* COREUITests.xctest */,
			);
			name = Products;
			sourceTree = "<group>";
		};
		3BA256B924C48040007C6CE6 /* CORE */ = {
			isa = PBXGroup;
			children = (
				3BA256BA24C48040007C6CE6 /* COREApp.swift */,
				3B7BB76924E7D72000C627B4 /* CoreData.xcdatamodeld */,
				3B77B53824E148670063152C /* TabBar.swift */,
				3BA256F724CA1D4E007C6CE6 /* Main */,
				3BA256F324C8D199007C6CE6 /* BigWorkoutCard.swift */,
				3B7BB77024E9464B00C627B4 /* EquipmentDataModel.swift */,
				3BA256F824CAC047007C6CE6 /* InfoSmallCard.swift */,
				3BA2570624CC4549007C6CE6 /* InfoBigCard.swift */,
				3BA256FA24CAC24A007C6CE6 /* BigScheduleCard.swift */,
				3BA256FC24CAD07F007C6CE6 /* RestDayCard.swift */,
				3BA256EF24C7455C007C6CE6 /* ArticleCardView.swift */,
				3BA256ED24C736A1007C6CE6 /* ActivitySmallCard.swift */,
				3BE01E2324CEC6A60056D2C0 /* SearchBar.swift */,
				3BA256E924C6E8B1007C6CE6 /* SmallTitle.swift */,
				3BA256E724C6E65E007C6CE6 /* StartWorkoutCard.swift */,
				3BA256EB24C70C15007C6CE6 /* ExploreSmallCard.swift */,
				3BA256E524C6E4B4007C6CE6 /* Modifiers.swift */,
				3BE01E1524CC4B090056D2C0 /* Extensions.swift */,
				3BA256BE24C48041007C6CE6 /* Assets.xcassets */,
				3BA256C324C48041007C6CE6 /* Info.plist */,
				3BA256C024C48041007C6CE6 /* Preview Content */,
			);
			path = CORE;
			sourceTree = "<group>";
		};
		3BA256C024C48041007C6CE6 /* Preview Content */ = {
			isa = PBXGroup;
			children = (
				3BA256C124C48041007C6CE6 /* Preview Assets.xcassets */,
			);
			path = "Preview Content";
			sourceTree = "<group>";
		};
		3BA256CB24C48041007C6CE6 /* CORETests */ = {
			isa = PBXGroup;
			children = (
				3BA256CC24C48041007C6CE6 /* CORETests.swift */,
				3BA256CE24C48041007C6CE6 /* Info.plist */,
			);
			path = CORETests;
			sourceTree = "<group>";
		};
		3BA256D624C48041007C6CE6 /* COREUITests */ = {
			isa = PBXGroup;
			children = (
				3BA256D724C48041007C6CE6 /* COREUITests.swift */,
				3BA256D924C48041007C6CE6 /* Info.plist */,
			);
			path = COREUITests;
			sourceTree = "<group>";
		};
		3BA256F724CA1D4E007C6CE6 /* Main */ = {
			isa = PBXGroup;
			children = (
				3BA256BC24C48040007C6CE6 /* HomeView.swift */,
				3BA256F124C8BCE4007C6CE6 /* ExploreView.swift */,
				3B7BB76E24E7E11100C627B4 /* BookmarkView.swift */,
				3BA256F524CA1D44007C6CE6 /* ScheduleView.swift */,
				3BE01E1724CC5BC60056D2C0 /* AddNewWorkoutView.swift */,
				3BE01E1D24CC6AE30056D2C0 /* NewWorkoutDetailView.swift */,
				3BA256FE24CAE934007C6CE6 /* WorkoutView.swift */,
				3BE01E1924CC618C0056D2C0 /* ExercisesView.swift */,
				3BE01E2524CECBEF0056D2C0 /* ExercisesCard.swift */,
				3BE01E1F24CD8B690056D2C0 /* MyPlacesView.swift */,
				3B7BB77224E94C4600C627B4 /* AddPlaceView.swift */,
				3BE01E2124CDCFA30056D2C0 /* MyPlacesBigCard.swift */,
				3BE01E2724CED5A60056D2C0 /* EquipmentView.swift */,
				3BE01E2F24CEFBBF0056D2C0 /* EquipmentCard.swift */,
				3BE01E1B24CC66E60056D2C0 /* ExerciseDetail.swift */,
				3BA2570424CC4052007C6CE6 /* WorkoutDetail.swift */,
				3BA2570224CC37F7007C6CE6 /* ExerciseWorkoutCard.swift */,
				3BA2570024CAEA4C007C6CE6 /* WorkoutSummaryCard.swift */,
				3BE01E2924CEDF8E0056D2C0 /* ActivityView.swift */,
				3BE01E2D24CEF02A0056D2C0 /* ActivitySeparator.swift */,
				3BE01E2B24CEDFAA0056D2C0 /* ActivityCard.swift */,
				3BE01E3124CF002E0056D2C0 /* PastWorkoutCard.swift */,
				3BE01E3324CF00430056D2C0 /* PresetWorkoutDetail.swift */,
				3BE01E3724CF122F0056D2C0 /* PresetExerciseRow.swift */,
				3BE01E3524CF041D0056D2C0 /* PresetExerciseCard.swift */,
				3BC34A2324D162DF00012A8D /* ProfileView.swift */,
				3BC34A2524D1775800012A8D /* PastWorkoutDetail.swift */,
				3BC34A2724D2C63400012A8D /* PastWorkoutSummaryCard.swift */,
				3BC34A2924D6C63600012A8D /* CustomizeWorkout.swift */,
				3BC34A2B24D70BD500012A8D /* MuscleCard.swift */,
			);
			path = Main;
			sourceTree = "<group>";
		};
/* End PBXGroup section */

/* Begin PBXNativeTarget section */
		3BA256B624C48040007C6CE6 /* CORE */ = {
			isa = PBXNativeTarget;
			buildConfigurationList = 3BA256DC24C48041007C6CE6 /* Build configuration list for PBXNativeTarget "CORE" */;
			buildPhases = (
				3BA256B324C48040007C6CE6 /* Sources */,
				3BA256B424C48040007C6CE6 /* Frameworks */,
				3BA256B524C48040007C6CE6 /* Resources */,
			);
			buildRules = (
			);
			dependencies = (
			);
			name = CORE;
			productName = CORE;
			productReference = 3BA256B724C48040007C6CE6 /* CORE.app */;
			productType = "com.apple.product-type.application";
		};
		3BA256C724C48041007C6CE6 /* CORETests */ = {
			isa = PBXNativeTarget;
			buildConfigurationList = 3BA256DF24C48041007C6CE6 /* Build configuration list for PBXNativeTarget "CORETests" */;
			buildPhases = (
				3BA256C424C48041007C6CE6 /* Sources */,
				3BA256C524C48041007C6CE6 /* Frameworks */,
				3BA256C624C48041007C6CE6 /* Resources */,
			);
			buildRules = (
			);
			dependencies = (
				3BA256CA24C48041007C6CE6 /* PBXTargetDependency */,
			);
			name = CORETests;
			productName = CORETests;
			productReference = 3BA256C824C48041007C6CE6 /* CORETests.xctest */;
			productType = "com.apple.product-type.bundle.unit-test";
		};
		3BA256D224C48041007C6CE6 /* COREUITests */ = {
			isa = PBXNativeTarget;
			buildConfigurationList = 3BA256E224C48041007C6CE6 /* Build configuration list for PBXNativeTarget "COREUITests" */;
			buildPhases = (
				3BA256CF24C48041007C6CE6 /* Sources */,
				3BA256D024C48041007C6CE6 /* Frameworks */,
				3BA256D124C48041007C6CE6 /* Resources */,
			);
			buildRules = (
			);
			dependencies = (
				3BA256D524C48041007C6CE6 /* PBXTargetDependency */,
			);
			name = COREUITests;
			productName = COREUITests;
			productReference = 3BA256D324C48041007C6CE6 /* COREUITests.xctest */;
			productType = "com.apple.product-type.bundle.ui-testing";
		};
/* End PBXNativeTarget section */

/* Begin PBXProject section */
		3BA256AF24C48040007C6CE6 /* Project object */ = {
			isa = PBXProject;
			attributes = {
				LastSwiftUpdateCheck = 1200;
				LastUpgradeCheck = 1200;
				TargetAttributes = {
					3BA256B624C48040007C6CE6 = {
						CreatedOnToolsVersion = 12.0;
					};
					3BA256C724C48041007C6CE6 = {
						CreatedOnToolsVersion = 12.0;
						TestTargetID = 3BA256B624C48040007C6CE6;
					};
					3BA256D224C48041007C6CE6 = {
						CreatedOnToolsVersion = 12.0;
						TestTargetID = 3BA256B624C48040007C6CE6;
					};
				};
			};
			buildConfigurationList = 3BA256B224C48040007C6CE6 /* Build configuration list for PBXProject "CORE" */;
			compatibilityVersion = "Xcode 9.3";
			developmentRegion = en;
			hasScannedForEncodings = 0;
			knownRegions = (
				en,
				Base,
			);
			mainGroup = 3BA256AE24C48040007C6CE6;
			productRefGroup = 3BA256B824C48040007C6CE6 /* Products */;
			projectDirPath = "";
			projectRoot = "";
			targets = (
				3BA256B624C48040007C6CE6 /* CORE */,
				3BA256C724C48041007C6CE6 /* CORETests */,
				3BA256D224C48041007C6CE6 /* COREUITests */,
			);
		};
/* End PBXProject section */

/* Begin PBXResourcesBuildPhase section */
		3BA256B524C48040007C6CE6 /* Resources */ = {
			isa = PBXResourcesBuildPhase;
			buildActionMask = 2147483647;
			files = (
				3BA256C224C48041007C6CE6 /* Preview Assets.xcassets in Resources */,
				3BA256BF24C48041007C6CE6 /* Assets.xcassets in Resources */,
			);
			runOnlyForDeploymentPostprocessing = 0;
		};
		3BA256C624C48041007C6CE6 /* Resources */ = {
			isa = PBXResourcesBuildPhase;
			buildActionMask = 2147483647;
			files = (
			);
			runOnlyForDeploymentPostprocessing = 0;
		};
		3BA256D124C48041007C6CE6 /* Resources */ = {
			isa = PBXResourcesBuildPhase;
			buildActionMask = 2147483647;
			files = (
			);
			runOnlyForDeploymentPostprocessing = 0;
		};
/* End PBXResourcesBuildPhase section */

/* Begin PBXSourcesBuildPhase section */
		3BA256B324C48040007C6CE6 /* Sources */ = {
			isa = PBXSourcesBuildPhase;
			buildActionMask = 2147483647;
			files = (
				3BE01E1E24CC6AE30056D2C0 /* NewWorkoutDetailView.swift in Sources */,
				3BA256FB24CAC24A007C6CE6 /* BigScheduleCard.swift in Sources */,
				3B7BB77124E9464B00C627B4 /* EquipmentDataModel.swift in Sources */,
				3BA2570324CC37F7007C6CE6 /* ExerciseWorkoutCard.swift in Sources */,
				3BE01E1824CC5BC60056D2C0 /* AddNewWorkoutView.swift in Sources */,
				3B7BB77324E94C4600C627B4 /* AddPlaceView.swift in Sources */,
				3BA256EA24C6E8B1007C6CE6 /* SmallTitle.swift in Sources */,
				3BA256F924CAC047007C6CE6 /* InfoSmallCard.swift in Sources */,
				3BA256F224C8BCE4007C6CE6 /* ExploreView.swift in Sources */,
				3BC34A2624D1775800012A8D /* PastWorkoutDetail.swift in Sources */,
				3BA256FF24CAE934007C6CE6 /* WorkoutView.swift in Sources */,
				3BA2570724CC4549007C6CE6 /* InfoBigCard.swift in Sources */,
				3BE01E2024CD8B690056D2C0 /* MyPlacesView.swift in Sources */,
				3BA256F024C7455C007C6CE6 /* ArticleCardView.swift in Sources */,
				3BE01E2C24CEDFAA0056D2C0 /* ActivityCard.swift in Sources */,
				3BE01E3824CF122F0056D2C0 /* PresetExerciseRow.swift in Sources */,
				3BC34A2A24D6C63600012A8D /* CustomizeWorkout.swift in Sources */,
				3BE01E1C24CC66E60056D2C0 /* ExerciseDetail.swift in Sources */,
				3BA2570124CAEA4C007C6CE6 /* WorkoutSummaryCard.swift in Sources */,
				3B77B53924E148670063152C /* TabBar.swift in Sources */,
				3BA256EC24C70C15007C6CE6 /* ExploreSmallCard.swift in Sources */,
				3BC34A2424D162DF00012A8D /* ProfileView.swift in Sources */,
				3BE01E2824CED5A60056D2C0 /* EquipmentView.swift in Sources */,
				3BE01E3624CF041D0056D2C0 /* PresetExerciseCard.swift in Sources */,
				3BE01E2E24CEF02A0056D2C0 /* ActivitySeparator.swift in Sources */,
				3BE01E2424CEC6A60056D2C0 /* SearchBar.swift in Sources */,
				3BE01E2624CECBEF0056D2C0 /* ExercisesCard.swift in Sources */,
				3BA256FD24CAD07F007C6CE6 /* RestDayCard.swift in Sources */,
				3BE01E3424CF00430056D2C0 /* PresetWorkoutDetail.swift in Sources */,
				3BE01E1A24CC618D0056D2C0 /* ExercisesView.swift in Sources */,
				3BA256E824C6E65E007C6CE6 /* StartWorkoutCard.swift in Sources */,
				3BA256EE24C736A1007C6CE6 /* ActivitySmallCard.swift in Sources */,
				3BA2570524CC4052007C6CE6 /* WorkoutDetail.swift in Sources */,
				3BA256F424C8D199007C6CE6 /* BigWorkoutCard.swift in Sources */,
				3BE01E2A24CEDF8E0056D2C0 /* ActivityView.swift in Sources */,
				3BE01E1624CC4B090056D2C0 /* Extensions.swift in Sources */,
				3BA256BD24C48040007C6CE6 /* HomeView.swift in Sources */,
				3BE01E2224CDCFA30056D2C0 /* MyPlacesBigCard.swift in Sources */,
				3B7BB76F24E7E11100C627B4 /* BookmarkView.swift in Sources */,
				3B7BB76B24E7D72000C627B4 /* CoreData.xcdatamodeld in Sources */,
				3BC34A2824D2C63400012A8D /* PastWorkoutSummaryCard.swift in Sources */,
				3BE01E3224CF002E0056D2C0 /* PastWorkoutCard.swift in Sources */,
				3BA256E624C6E4B4007C6CE6 /* Modifiers.swift in Sources */,
				3BC34A2C24D70BD500012A8D /* MuscleCard.swift in Sources */,
				3BA256F624CA1D44007C6CE6 /* ScheduleView.swift in Sources */,
				3BE01E3024CEFBBF0056D2C0 /* EquipmentCard.swift in Sources */,
				3BA256BB24C48040007C6CE6 /* COREApp.swift in Sources */,
			);
			runOnlyForDeploymentPostprocessing = 0;
		};
		3BA256C424C48041007C6CE6 /* Sources */ = {
			isa = PBXSourcesBuildPhase;
			buildActionMask = 2147483647;
			files = (
				3BA256CD24C48041007C6CE6 /* CORETests.swift in Sources */,
			);
			runOnlyForDeploymentPostprocessing = 0;
		};
		3BA256CF24C48041007C6CE6 /* Sources */ = {
			isa = PBXSourcesBuildPhase;
			buildActionMask = 2147483647;
			files = (
				3BA256D824C48041007C6CE6 /* COREUITests.swift in Sources */,
			);
			runOnlyForDeploymentPostprocessing = 0;
		};
/* End PBXSourcesBuildPhase section */

/* Begin PBXTargetDependency section */
		3BA256CA24C48041007C6CE6 /* PBXTargetDependency */ = {
			isa = PBXTargetDependency;
			target = 3BA256B624C48040007C6CE6 /* CORE */;
			targetProxy = 3BA256C924C48041007C6CE6 /* PBXContainerItemProxy */;
		};
		3BA256D524C48041007C6CE6 /* PBXTargetDependency */ = {
			isa = PBXTargetDependency;
			target = 3BA256B624C48040007C6CE6 /* CORE */;
			targetProxy = 3BA256D424C48041007C6CE6 /* PBXContainerItemProxy */;
		};
/* End PBXTargetDependency section */

/* Begin XCBuildConfiguration section */
		3BA256DA24C48041007C6CE6 /* Debug */ = {
			isa = XCBuildConfiguration;
			buildSettings = {
				ALWAYS_SEARCH_USER_PATHS = NO;
				CLANG_ANALYZER_NONNULL = YES;
				CLANG_ANALYZER_NUMBER_OBJECT_CONVERSION = YES_AGGRESSIVE;
				CLANG_CXX_LANGUAGE_STANDARD = "gnu++14";
				CLANG_CXX_LIBRARY = "libc++";
				CLANG_ENABLE_MODULES = YES;
				CLANG_ENABLE_OBJC_ARC = YES;
				CLANG_ENABLE_OBJC_WEAK = YES;
				CLANG_WARN_BLOCK_CAPTURE_AUTORELEASING = YES;
				CLANG_WARN_BOOL_CONVERSION = YES;
				CLANG_WARN_COMMA = YES;
				CLANG_WARN_CONSTANT_CONVERSION = YES;
				CLANG_WARN_DEPRECATED_OBJC_IMPLEMENTATIONS = YES;
				CLANG_WARN_DIRECT_OBJC_ISA_USAGE = YES_ERROR;
				CLANG_WARN_DOCUMENTATION_COMMENTS = YES;
				CLANG_WARN_EMPTY_BODY = YES;
				CLANG_WARN_ENUM_CONVERSION = YES;
				CLANG_WARN_INFINITE_RECURSION = YES;
				CLANG_WARN_INT_CONVERSION = YES;
				CLANG_WARN_NON_LITERAL_NULL_CONVERSION = YES;
				CLANG_WARN_OBJC_IMPLICIT_RETAIN_SELF = YES;
				CLANG_WARN_OBJC_LITERAL_CONVERSION = YES;
				CLANG_WARN_OBJC_ROOT_CLASS = YES_ERROR;
				CLANG_WARN_QUOTED_INCLUDE_IN_FRAMEWORK_HEADER = YES;
				CLANG_WARN_RANGE_LOOP_ANALYSIS = YES;
				CLANG_WARN_STRICT_PROTOTYPES = YES;
				CLANG_WARN_SUSPICIOUS_MOVE = YES;
				CLANG_WARN_UNGUARDED_AVAILABILITY = YES_AGGRESSIVE;
				CLANG_WARN_UNREACHABLE_CODE = YES;
				CLANG_WARN__DUPLICATE_METHOD_MATCH = YES;
				COPY_PHASE_STRIP = NO;
				DEBUG_INFORMATION_FORMAT = dwarf;
				ENABLE_STRICT_OBJC_MSGSEND = YES;
				ENABLE_TESTABILITY = YES;
				GCC_C_LANGUAGE_STANDARD = gnu11;
				GCC_DYNAMIC_NO_PIC = NO;
				GCC_NO_COMMON_BLOCKS = YES;
				GCC_OPTIMIZATION_LEVEL = 0;
				GCC_PREPROCESSOR_DEFINITIONS = (
					"DEBUG=1",
					"$(inherited)",
				);
				GCC_WARN_64_TO_32_BIT_CONVERSION = YES;
				GCC_WARN_ABOUT_RETURN_TYPE = YES_ERROR;
				GCC_WARN_UNDECLARED_SELECTOR = YES;
				GCC_WARN_UNINITIALIZED_AUTOS = YES_AGGRESSIVE;
				GCC_WARN_UNUSED_FUNCTION = YES;
				GCC_WARN_UNUSED_VARIABLE = YES;
				IPHONEOS_DEPLOYMENT_TARGET = 14.0;
				MTL_ENABLE_DEBUG_INFO = INCLUDE_SOURCE;
				MTL_FAST_MATH = YES;
				ONLY_ACTIVE_ARCH = YES;
				SDKROOT = iphoneos;
				SWIFT_ACTIVE_COMPILATION_CONDITIONS = DEBUG;
				SWIFT_OPTIMIZATION_LEVEL = "-Onone";
			};
			name = Debug;
		};
		3BA256DB24C48041007C6CE6 /* Release */ = {
			isa = XCBuildConfiguration;
			buildSettings = {
				ALWAYS_SEARCH_USER_PATHS = NO;
				CLANG_ANALYZER_NONNULL = YES;
				CLANG_ANALYZER_NUMBER_OBJECT_CONVERSION = YES_AGGRESSIVE;
				CLANG_CXX_LANGUAGE_STANDARD = "gnu++14";
				CLANG_CXX_LIBRARY = "libc++";
				CLANG_ENABLE_MODULES = YES;
				CLANG_ENABLE_OBJC_ARC = YES;
				CLANG_ENABLE_OBJC_WEAK = YES;
				CLANG_WARN_BLOCK_CAPTURE_AUTORELEASING = YES;
				CLANG_WARN_BOOL_CONVERSION = YES;
				CLANG_WARN_COMMA = YES;
				CLANG_WARN_CONSTANT_CONVERSION = YES;
				CLANG_WARN_DEPRECATED_OBJC_IMPLEMENTATIONS = YES;
				CLANG_WARN_DIRECT_OBJC_ISA_USAGE = YES_ERROR;
				CLANG_WARN_DOCUMENTATION_COMMENTS = YES;
				CLANG_WARN_EMPTY_BODY = YES;
				CLANG_WARN_ENUM_CONVERSION = YES;
				CLANG_WARN_INFINITE_RECURSION = YES;
				CLANG_WARN_INT_CONVERSION = YES;
				CLANG_WARN_NON_LITERAL_NULL_CONVERSION = YES;
				CLANG_WARN_OBJC_IMPLICIT_RETAIN_SELF = YES;
				CLANG_WARN_OBJC_LITERAL_CONVERSION = YES;
				CLANG_WARN_OBJC_ROOT_CLASS = YES_ERROR;
				CLANG_WARN_QUOTED_INCLUDE_IN_FRAMEWORK_HEADER = YES;
				CLANG_WARN_RANGE_LOOP_ANALYSIS = YES;
				CLANG_WARN_STRICT_PROTOTYPES = YES;
				CLANG_WARN_SUSPICIOUS_MOVE = YES;
				CLANG_WARN_UNGUARDED_AVAILABILITY = YES_AGGRESSIVE;
				CLANG_WARN_UNREACHABLE_CODE = YES;
				CLANG_WARN__DUPLICATE_METHOD_MATCH = YES;
				COPY_PHASE_STRIP = NO;
				DEBUG_INFORMATION_FORMAT = "dwarf-with-dsym";
				ENABLE_NS_ASSERTIONS = NO;
				ENABLE_STRICT_OBJC_MSGSEND = YES;
				GCC_C_LANGUAGE_STANDARD = gnu11;
				GCC_NO_COMMON_BLOCKS = YES;
				GCC_WARN_64_TO_32_BIT_CONVERSION = YES;
				GCC_WARN_ABOUT_RETURN_TYPE = YES_ERROR;
				GCC_WARN_UNDECLARED_SELECTOR = YES;
				GCC_WARN_UNINITIALIZED_AUTOS = YES_AGGRESSIVE;
				GCC_WARN_UNUSED_FUNCTION = YES;
				GCC_WARN_UNUSED_VARIABLE = YES;
				IPHONEOS_DEPLOYMENT_TARGET = 14.0;
				MTL_ENABLE_DEBUG_INFO = NO;
				MTL_FAST_MATH = YES;
				SDKROOT = iphoneos;
				SWIFT_COMPILATION_MODE = wholemodule;
				SWIFT_OPTIMIZATION_LEVEL = "-O";
				VALIDATE_PRODUCT = YES;
			};
			name = Release;
		};
		3BA256DD24C48041007C6CE6 /* Debug */ = {
			isa = XCBuildConfiguration;
			buildSettings = {
				ASSETCATALOG_COMPILER_APPICON_NAME = AppIcon;
				ASSETCATALOG_COMPILER_GLOBAL_ACCENT_COLOR_NAME = AccentColor;
				CODE_SIGN_STYLE = Automatic;
				DEVELOPMENT_ASSET_PATHS = "\"CORE/Preview Content\"";
				DEVELOPMENT_TEAM = 7EA538H3Z8;
				ENABLE_PREVIEWS = YES;
				INFOPLIST_FILE = CORE/Info.plist;
				IPHONEOS_DEPLOYMENT_TARGET = 14.0;
				LD_RUNPATH_SEARCH_PATHS = (
					"$(inherited)",
					"@executable_path/Frameworks",
				);
				PRODUCT_BUNDLE_IDENTIFIER = "Jacob-Ruranski.CORE";
				PRODUCT_NAME = "$(TARGET_NAME)";
				SWIFT_VERSION = 5.0;
				TARGETED_DEVICE_FAMILY = "1,2";
			};
			name = Debug;
		};
		3BA256DE24C48041007C6CE6 /* Release */ = {
			isa = XCBuildConfiguration;
			buildSettings = {
				ASSETCATALOG_COMPILER_APPICON_NAME = AppIcon;
				ASSETCATALOG_COMPILER_GLOBAL_ACCENT_COLOR_NAME = AccentColor;
				CODE_SIGN_STYLE = Automatic;
				DEVELOPMENT_ASSET_PATHS = "\"CORE/Preview Content\"";
				DEVELOPMENT_TEAM = 7EA538H3Z8;
				ENABLE_PREVIEWS = YES;
				INFOPLIST_FILE = CORE/Info.plist;
				IPHONEOS_DEPLOYMENT_TARGET = 14.0;
				LD_RUNPATH_SEARCH_PATHS = (
					"$(inherited)",
					"@executable_path/Frameworks",
				);
				PRODUCT_BUNDLE_IDENTIFIER = "Jacob-Ruranski.CORE";
				PRODUCT_NAME = "$(TARGET_NAME)";
				SWIFT_VERSION = 5.0;
				TARGETED_DEVICE_FAMILY = "1,2";
			};
			name = Release;
		};
		3BA256E024C48041007C6CE6 /* Debug */ = {
			isa = XCBuildConfiguration;
			buildSettings = {
				ALWAYS_EMBED_SWIFT_STANDARD_LIBRARIES = YES;
				BUNDLE_LOADER = "$(TEST_HOST)";
				CODE_SIGN_STYLE = Automatic;
				DEVELOPMENT_TEAM = 7EA538H3Z8;
				INFOPLIST_FILE = CORETests/Info.plist;
				IPHONEOS_DEPLOYMENT_TARGET = 14.0;
				LD_RUNPATH_SEARCH_PATHS = (
					"$(inherited)",
					"@executable_path/Frameworks",
					"@loader_path/Frameworks",
				);
				PRODUCT_BUNDLE_IDENTIFIER = "Jacob-Ruranski.CORETests";
				PRODUCT_NAME = "$(TARGET_NAME)";
				SWIFT_VERSION = 5.0;
				TARGETED_DEVICE_FAMILY = "1,2";
				TEST_HOST = "$(BUILT_PRODUCTS_DIR)/CORE.app/CORE";
			};
			name = Debug;
		};
		3BA256E124C48041007C6CE6 /* Release */ = {
			isa = XCBuildConfiguration;
			buildSettings = {
				ALWAYS_EMBED_SWIFT_STANDARD_LIBRARIES = YES;
				BUNDLE_LOADER = "$(TEST_HOST)";
				CODE_SIGN_STYLE = Automatic;
				DEVELOPMENT_TEAM = 7EA538H3Z8;
				INFOPLIST_FILE = CORETests/Info.plist;
				IPHONEOS_DEPLOYMENT_TARGET = 14.0;
				LD_RUNPATH_SEARCH_PATHS = (
					"$(inherited)",
					"@executable_path/Frameworks",
					"@loader_path/Frameworks",
				);
				PRODUCT_BUNDLE_IDENTIFIER = "Jacob-Ruranski.CORETests";
				PRODUCT_NAME = "$(TARGET_NAME)";
				SWIFT_VERSION = 5.0;
				TARGETED_DEVICE_FAMILY = "1,2";
				TEST_HOST = "$(BUILT_PRODUCTS_DIR)/CORE.app/CORE";
			};
			name = Release;
		};
		3BA256E324C48041007C6CE6 /* Debug */ = {
			isa = XCBuildConfiguration;
			buildSettings = {
				ALWAYS_EMBED_SWIFT_STANDARD_LIBRARIES = YES;
				CODE_SIGN_STYLE = Automatic;
				DEVELOPMENT_TEAM = 7EA538H3Z8;
				INFOPLIST_FILE = COREUITests/Info.plist;
				LD_RUNPATH_SEARCH_PATHS = (
					"$(inherited)",
					"@executable_path/Frameworks",
					"@loader_path/Frameworks",
				);
				PRODUCT_BUNDLE_IDENTIFIER = "Jacob-Ruranski.COREUITests";
				PRODUCT_NAME = "$(TARGET_NAME)";
				SWIFT_VERSION = 5.0;
				TARGETED_DEVICE_FAMILY = "1,2";
				TEST_TARGET_NAME = CORE;
			};
			name = Debug;
		};
		3BA256E424C48041007C6CE6 /* Release */ = {
			isa = XCBuildConfiguration;
			buildSettings = {
				ALWAYS_EMBED_SWIFT_STANDARD_LIBRARIES = YES;
				CODE_SIGN_STYLE = Automatic;
				DEVELOPMENT_TEAM = 7EA538H3Z8;
				INFOPLIST_FILE = COREUITests/Info.plist;
				LD_RUNPATH_SEARCH_PATHS = (
					"$(inherited)",
					"@executable_path/Frameworks",
					"@loader_path/Frameworks",
				);
				PRODUCT_BUNDLE_IDENTIFIER = "Jacob-Ruranski.COREUITests";
				PRODUCT_NAME = "$(TARGET_NAME)";
				SWIFT_VERSION = 5.0;
				TARGETED_DEVICE_FAMILY = "1,2";
				TEST_TARGET_NAME = CORE;
			};
			name = Release;
		};
/* End XCBuildConfiguration section */

/* Begin XCConfigurationList section */
		3BA256B224C48040007C6CE6 /* Build configuration list for PBXProject "CORE" */ = {
			isa = XCConfigurationList;
			buildConfigurations = (
				3BA256DA24C48041007C6CE6 /* Debug */,
				3BA256DB24C48041007C6CE6 /* Release */,
			);
			defaultConfigurationIsVisible = 0;
			defaultConfigurationName = Release;
		};
		3BA256DC24C48041007C6CE6 /* Build configuration list for PBXNativeTarget "CORE" */ = {
			isa = XCConfigurationList;
			buildConfigurations = (
				3BA256DD24C48041007C6CE6 /* Debug */,
				3BA256DE24C48041007C6CE6 /* Release */,
			);
			defaultConfigurationIsVisible = 0;
			defaultConfigurationName = Release;
		};
		3BA256DF24C48041007C6CE6 /* Build configuration list for PBXNativeTarget "CORETests" */ = {
			isa = XCConfigurationList;
			buildConfigurations = (
				3BA256E024C48041007C6CE6 /* Debug */,
				3BA256E124C48041007C6CE6 /* Release */,
			);
			defaultConfigurationIsVisible = 0;
			defaultConfigurationName = Release;
		};
		3BA256E224C48041007C6CE6 /* Build configuration list for PBXNativeTarget "COREUITests" */ = {
			isa = XCConfigurationList;
			buildConfigurations = (
				3BA256E324C48041007C6CE6 /* Debug */,
				3BA256E424C48041007C6CE6 /* Release */,
			);
			defaultConfigurationIsVisible = 0;
			defaultConfigurationName = Release;
		};
/* End XCConfigurationList section */

/* Begin XCVersionGroup section */
		3B7BB76924E7D72000C627B4 /* CoreData.xcdatamodeld */ = {
			isa = XCVersionGroup;
			children = (
				3B7BB76A24E7D72000C627B4 /* CoreData.xcdatamodel */,
			);
			currentVersion = 3B7BB76A24E7D72000C627B4 /* CoreData.xcdatamodel */;
			path = CoreData.xcdatamodeld;
			sourceTree = "<group>";
			versionGroupType = wrapper.xcdatamodel;
		};
/* End XCVersionGroup section */
	};
	rootObject = 3BA256AF24C48040007C6CE6 /* Project object */;
}
